
Microsoft Visual Studio Solution File, Format Version 12.00
# Visual Studio Version 17
VisualStudioVersion = 17.14.36221.1 d17.14
MinimumVisualStudioVersion = 10.0.40219.1
Project("{FAE04EC0-301F-11D3-BF4B-00C04F79EFBC}") = "ConvertHtmlPdf", "ConvertHtmlPdf\ConvertHtmlPdf.csproj", "{553B5433-5E89-46CC-A947-AD9E77215A5E}"
EndProject
Global
	GlobalSection(SolutionConfigurationPlatforms) = preSolution
		Debug|Any CPU = Debug|Any CPU
		Release|Any CPU = Release|Any CPU
	EndGlobalSection
	GlobalSection(ProjectConfigurationPlatforms) = postSolution
		{553B5433-5E89-46CC-A947-AD9E77215A5E}.Debug|Any CPU.ActiveCfg = Debug|Any CPU
		{553B5433-5E89-46CC-A947-AD9E77215A5E}.Debug|Any CPU.Build.0 = Debug|Any CPU
		{553B5433-5E89-46CC-A947-AD9E77215A5E}.Release|Any CPU.ActiveCfg = Release|Any CPU
		{553B5433-5E89-46CC-A947-AD9E77215A5E}.Release|Any CPU.Build.0 = Release|Any CPU
	EndGlobalSection
	GlobalSection(SolutionProperties) = preSolution
		HideSolutionNode = FALSE
	EndGlobalSection
	GlobalSection(ExtensibilityGlobals) = postSolution
		SolutionGuid = {F7A8E546-2959-4168-9031-50D556A0ECF9}
	EndGlobalSection
EndGlobal
